
Microsoft Visual Studio Solution File, Format Version 12.00
# Visual Studio Version 16
VisualStudioVersion = 16.0.29609.76
MinimumVisualStudioVersion = 10.0.40219.1
Project("{FAE04EC0-301F-11D3-BF4B-00C04F79EFBC}") = "TiposBasicosDados", "TiposBasicosDados\TiposBasicosDados.csproj", "{5F119D72-3CEB-43CF-BB70-C5BD6E60EA94}"
EndProject
Global
	GlobalSection(SolutionConfigurationPlatforms) = preSolution
		Debug|Any CPU = Debug|Any CPU
		Release|Any CPU = Release|Any CPU
	EndGlobalSection
	GlobalSection(ProjectConfigurationPlatforms) = postSolution
		{5F119D72-3CEB-43CF-BB70-C5BD6E60EA94}.Debug|Any CPU.ActiveCfg = Debug|Any CPU
		{5F119D72-3CEB-43CF-BB70-C5BD6E60EA94}.Debug|Any CPU.Build.0 = Debug|Any CPU
		{5F119D72-3CEB-43CF-BB70-C5BD6E60EA94}.Release|Any CPU.ActiveCfg = Release|Any CPU
		{5F119D72-3CEB-43CF-BB70-C5BD6E60EA94}.Release|Any CPU.Build.0 = Release|Any CPU
	EndGlobalSection
	GlobalSection(SolutionProperties) = preSolution
		HideSolutionNode = FALSE
	EndGlobalSection
	GlobalSection(ExtensibilityGlobals) = postSolution
		SolutionGuid = {A0C33066-9482-478F-8085-FB7508ABC359}
	EndGlobalSection
EndGlobal
